ANSITerminal = 0.7
atd = 1.12.0
atdgen = 1.12.0
base = v0.9.3
bin_prot = v0.9.0
biniou = 1.0.13
camlp4 = 4.04+1
camlzip = 1.07
camomile = 0.8.5
cmdliner = 1.0.0
conf-aclocal = 1.0.0
conf-autoconf = 0.1
conf-m4 = 1
conf-pkg-config = 1.0
conf-which = 1
configurator = v0.9.1
core = v0.9.1
core_kernel = v0.9.0
cppo = 1.5.0
ctypes = 0.12.0
easy-format = 1.2.0
extlib-compat = 1.7.0
fieldslib = v0.9.0
integers = 0.2.2
jane-street-headers = v0.9.0
javalib = 2.3.3
jbuilder = 1.0+beta10
lambda-term = 1.11
lwt = 3.0.0
lwt_react = 1.0.1
menhir = 20170101
merlin-extend = 0.3
num = 0
ocaml-compiler-libs = v0.9.0
ocaml-migrate-parsetree = 1.0.1
ocamlbuild = 0.11.0
ocamlfind = 1.7.3
octavius = 1.1.0
ounit = 2.0.0
parmap = 1.0-rc8
ppx_assert = v0.9.0
ppx_ast = v0.9.1
ppx_base = v0.9.0
ppx_bench = v0.9.1
ppx_bin_prot = v0.9.0
ppx_compare = v0.9.0
ppx_core = v0.9.0
ppx_custom_printf = v0.9.0
ppx_deriving = 4.1
ppx_driver = v0.9.1
ppx_enumerate = v0.9.0
ppx_expect = v0.9.0
ppx_fail = v0.9.0
ppx_fields_conv = v0.9.0
ppx_hash = v0.9.0
ppx_here = v0.9.1
ppx_inline_test = v0.9.1
ppx_jane = v0.9.0
ppx_js_style = v0.9.0
ppx_let = v0.9.0
ppx_metaquot = v0.9.0
ppx_optcomp = v0.9.0
ppx_optional = v0.9.0
ppx_pipebang = v0.9.0
ppx_sexp_conv = v0.9.0
ppx_sexp_message = v0.9.0
ppx_sexp_value = v0.9.0
ppx_tools = 5.0
ppx_tools_versioned = 5.0alpha
ppx_traverse = v0.9.0
ppx_traverse_builtins = v0.9.0
ppx_type_conv = v0.9.0
ppx_typerep_conv = v0.9.0
ppx_variants_conv = v0.9.0
re = 1.7.1
react = 1.2.0
result = 1.2
sawja = 1.5.2
sexplib = v0.9.1
spawn = v0.9.0
stdio = v0.9.0
topkg = 0.8.1
typerep = v0.9.0
utop = 1.19.3
variantslib = v0.9.0
xmlm = 1.2.0
yojson = 1.3.3
zed = 1.5
