# This file is automatically @generated by Cargo.
# It is not intended for manual editing.
version = 4

[[package]]
name = "issue-412-dup-deps"
version = "0.1.0"
dependencies = [
 "mydup 0.1.0",
 "mydup 0.2.0",
]

[[package]]
name = "mydup"
version = "0.1.0"

[[package]]
name = "mydup"
version = "0.2.0"
